
Microsoft Visual Studio Solution File, Format Version 12.00
# Visual Studio Version 17
VisualStudioVersion = 17.14.36616.10 d17.14
MinimumVisualStudioVersion = 10.0.40219.1
Project("{FAE04EC0-301F-11D3-BF4B-00C04F79EFBC}") = "calculator", "calculator\calculator.csproj", "{4851BADA-D5C4-4072-A0FB-16ED91B78B69}"
EndProject
Global
	GlobalSection(SolutionConfigurationPlatforms) = preSolution
		Debug|Any CPU = Debug|Any CPU
		Release|Any CPU = Release|Any CPU
	EndGlobalSection
	GlobalSection(ProjectConfigurationPlatforms) = postSolution
		{4851BADA-D5C4-4072-A0FB-16ED91B78B69}.Debug|Any CPU.ActiveCfg = Debug|Any CPU
		{4851BADA-D5C4-4072-A0FB-16ED91B78B69}.Debug|Any CPU.Build.0 = Debug|Any CPU
		{4851BADA-D5C4-4072-A0FB-16ED91B78B69}.Release|Any CPU.ActiveCfg = Release|Any CPU
		{4851BADA-D5C4-4072-A0FB-16ED91B78B69}.Release|Any CPU.Build.0 = Release|Any CPU
	EndGlobalSection
	GlobalSection(SolutionProperties) = preSolution
		HideSolutionNode = FALSE
	EndGlobalSection
	GlobalSection(ExtensibilityGlobals) = postSolution
		SolutionGuid = {3ABFFACB-4B0B-455C-9ADA-AE8AEDC65244}
	EndGlobalSection
EndGlobal
